
Microsoft Visual Studio Solution File, Format Version 12.00
# Visual Studio Version 16
VisualStudioVersion = 16.0.30204.135
MinimumVisualStudioVersion = 10.0.40219.1
Project("{FAE04EC0-301F-11D3-BF4B-00C04F79EFBC}") = "CraftDemonstration", "CraftDemonstration.csproj", "{FDE1460C-46C2-4365-92E8-5B6A2FD805CC}"
EndProject
Project("{FAE04EC0-301F-11D3-BF4B-00C04F79EFBC}") = "NUnitTest", "..\NUnitTest\NUnitTest.csproj", "{C003502B-DC37-406C-A20F-4FE5EC0EC387}"
EndProject
Global
	GlobalSection(SolutionConfigurationPlatforms) = preSolution
		Debug|Any CPU = Debug|Any CPU
		Release|Any CPU = Release|Any CPU
	EndGlobalSection
	GlobalSection(ProjectConfigurationPlatforms) = postSolution
		{FDE1460C-46C2-4365-92E8-5B6A2FD805CC}.Debug|Any CPU.ActiveCfg = Debug|Any CPU
		{FDE1460C-46C2-4365-92E8-5B6A2FD805CC}.Debug|Any CPU.Build.0 = Debug|Any CPU
		{FDE1460C-46C2-4365-92E8-5B6A2FD805CC}.Release|Any CPU.ActiveCfg = Release|Any CPU
		{FDE1460C-46C2-4365-92E8-5B6A2FD805CC}.Release|Any CPU.Build.0 = Release|Any CPU
		{C003502B-DC37-406C-A20F-4FE5EC0EC387}.Debug|Any CPU.ActiveCfg = Debug|Any CPU
		{C003502B-DC37-406C-A20F-4FE5EC0EC387}.Debug|Any CPU.Build.0 = Debug|Any CPU
		{C003502B-DC37-406C-A20F-4FE5EC0EC387}.Release|Any CPU.ActiveCfg = Release|Any CPU
		{C003502B-DC37-406C-A20F-4FE5EC0EC387}.Release|Any CPU.Build.0 = Release|Any CPU
	EndGlobalSection
	GlobalSection(SolutionProperties) = preSolution
		HideSolutionNode = FALSE
	EndGlobalSection
	GlobalSection(ExtensibilityGlobals) = postSolution
		SolutionGuid = {2FAD112D-0BDA-4606-8298-30F8CF2EF35A}
	EndGlobalSection
EndGlobal
